
Microsoft Visual Studio Solution File, Format Version 12.00
# Visual Studio Version 17
VisualStudioVersion = 17.1.32319.34
MinimumVisualStudioVersion = 10.0.40219.1
Project("{6EC3EE1D-3C4E-46DD-8F32-0CC8E7565705}") = "TensorNet", "TensorNet.fsproj", "{3D2AF5C7-B3FD-4D51-ACCA-E0A9F404B46F}"
EndProject
Project("{6EC3EE1D-3C4E-46DD-8F32-0CC8E7565705}") = "Tester", "Tester\Tester\Tester.fsproj", "{218BA089-AC17-431E-8EB1-9DA2EF4B3B42}"
EndProject
Global
	GlobalSection(SolutionConfigurationPlatforms) = preSolution
		Debug|Any CPU = Debug|Any CPU
		Release|Any CPU = Release|Any CPU
	EndGlobalSection
	GlobalSection(ProjectConfigurationPlatforms) = postSolution
		{3D2AF5C7-B3FD-4D51-ACCA-E0A9F404B46F}.Debug|Any CPU.ActiveCfg = Debug|x64
		{3D2AF5C7-B3FD-4D51-ACCA-E0A9F404B46F}.Debug|Any CPU.Build.0 = Debug|x64
		{3D2AF5C7-B3FD-4D51-ACCA-E0A9F404B46F}.Release|Any CPU.ActiveCfg = Release|x64
		{3D2AF5C7-B3FD-4D51-ACCA-E0A9F404B46F}.Release|Any CPU.Build.0 = Release|x64
		{218BA089-AC17-431E-8EB1-9DA2EF4B3B42}.Debug|Any CPU.ActiveCfg = Debug|x64
		{218BA089-AC17-431E-8EB1-9DA2EF4B3B42}.Debug|Any CPU.Build.0 = Debug|x64
		{218BA089-AC17-431E-8EB1-9DA2EF4B3B42}.Release|Any CPU.ActiveCfg = Release|Any CPU
		{218BA089-AC17-431E-8EB1-9DA2EF4B3B42}.Release|Any CPU.Build.0 = Release|Any CPU
	EndGlobalSection
	GlobalSection(SolutionProperties) = preSolution
		HideSolutionNode = FALSE
	EndGlobalSection
	GlobalSection(ExtensibilityGlobals) = postSolution
		SolutionGuid = {3439C48D-28BC-4BEC-89A6-9D7FDCBA7745}
	EndGlobalSection
EndGlobal
